
Microsoft Visual Studio Solution File, Format Version 12.00
# Visual Studio 15
VisualStudioVersion = 15.0.28307.168
MinimumVisualStudioVersion = 10.0.40219.1
Project("{FAE04EC0-301F-11D3-BF4B-00C04F79EFBC}") = "Nester.Probe.Android", "Nester.Probe.Android\Nester.Probe.Android.csproj", "{3AEB87B4-F76D-4961-B218-60B5241B2F7A}"
EndProject
Project("{FAE04EC0-301F-11D3-BF4B-00C04F79EFBC}") = "Nester.Probe.iOS", "Nester.Probe.iOS\Nester.Probe.iOS.csproj", "{F66DED6B-B745-48CF-829D-CCA2DA23B110}"
EndProject
Project("{FAE04EC0-301F-11D3-BF4B-00C04F79EFBC}") = "Nester.Probe.UWP", "Nester.Probe.UWP\Nester.Probe.UWP.csproj", "{8698D57B-CAA2-4FAC-826F-2CA657915E4B}"
EndProject
Project("{9A19103F-16F7-4668-BE54-9A1E7A4F7556}") = "Nester.Probe", "Nester.Probe\Nester.Probe.csproj", "{37B881BC-AB11-4DCA-8D06-FFEBCA2CF011}"
EndProject
Global
	GlobalSection(SolutionConfigurationPlatforms) = preSolution
		Ad-Hoc|Any CPU = Ad-Hoc|Any CPU
		Ad-Hoc|ARM = Ad-Hoc|ARM
		Ad-Hoc|iPhone = Ad-Hoc|iPhone
		Ad-Hoc|iPhoneSimulator = Ad-Hoc|iPhoneSimulator
		Ad-Hoc|x64 = Ad-Hoc|x64
		Ad-Hoc|x86 = Ad-Hoc|x86
		AppStore|Any CPU = AppStore|Any CPU
		AppStore|ARM = AppStore|ARM
		AppStore|iPhone = AppStore|iPhone
		AppStore|iPhoneSimulator = AppStore|iPhoneSimulator
		AppStore|x64 = AppStore|x64
		AppStore|x86 = AppStore|x86
		Debug|Any CPU = Debug|Any CPU
		Debug|ARM = Debug|ARM
		Debug|iPhone = Debug|iPhone
		Debug|iPhoneSimulator = Debug|iPhoneSimulator
		Debug|x64 = Debug|x64
		Debug|x86 = Debug|x86
		Release|Any CPU = Release|Any CPU
		Release|ARM = Release|ARM
		Release|iPhone = Release|iPhone
		Release|iPhoneSimulator = Release|iPhoneSimulator
		Release|x64 = Release|x64
		Release|x86 = Release|x86
	EndGlobalSection
	GlobalSection(ProjectConfigurationPlatforms) = postSolution
		{3AEB87B4-F76D-4961-B218-60B5241B2F7A}.Ad-Hoc|Any CPU.ActiveCfg = Release|Any CPU
		{3AEB87B4-F76D-4961-B218-60B5241B2F7A}.Ad-Hoc|Any CPU.Build.0 = Release|Any CPU
		{3AEB87B4-F76D-4961-B218-60B5241B2F7A}.Ad-Hoc|Any CPU.Deploy.0 = Release|Any CPU
		{3AEB87B4-F76D-4961-B218-60B5241B2F7A}.Ad-Hoc|ARM.ActiveCfg = Release|Any CPU
		{3AEB87B4-F76D-4961-B218-60B5241B2F7A}.Ad-Hoc|ARM.Build.0 = Release|Any CPU
		{3AEB87B4-F76D-4961-B218-60B5241B2F7A}.Ad-Hoc|ARM.Deploy.0 = Release|Any CPU
		{3AEB87B4-F76D-4961-B218-60B5241B2F7A}.Ad-Hoc|iPhone.ActiveCfg = Release|Any CPU
		{3AEB87B4-F76D-4961-B218-60B5241B2F7A}.Ad-Hoc|iPhone.Build.0 = Release|Any CPU
		{3AEB87B4-F76D-4961-B218-60B5241B2F7A}.Ad-Hoc|iPhone.Deploy.0 = Release|Any CPU
		{3AEB87B4-F76D-4961-B218-60B5241B2F7A}.Ad-Hoc|iPhoneSimulator.ActiveCfg = Release|Any CPU
		{3AEB87B4-F76D-4961-B218-60B5241B2F7A}.Ad-Hoc|iPhoneSimulator.Build.0 = Release|Any CPU
		{3AEB87B4-F76D-4961-B218-60B5241B2F7A}.Ad-Hoc|iPhoneSimulator.Deploy.0 = Release|Any CPU
		{3AEB87B4-F76D-4961-B218-60B5241B2F7A}.Ad-Hoc|x64.ActiveCfg = Release|Any CPU
		{3AEB87B4-F76D-4961-B218-60B5241B2F7A}.Ad-Hoc|x64.Build.0 = Release|Any CPU
		{3AEB87B4-F76D-4961-B218-60B5241B2F7A}.Ad-Hoc|x64.Deploy.0 = Release|Any CPU
		{3AEB87B4-F76D-4961-B218-60B5241B2F7A}.Ad-Hoc|x86.ActiveCfg = Release|Any CPU
		{3AEB87B4-F76D-4961-B218-60B5241B2F7A}.Ad-Hoc|x86.Build.0 = Release|Any CPU
		{3AEB87B4-F76D-4961-B218-60B5241B2F7A}.Ad-Hoc|x86.Deploy.0 = Release|Any CPU
		{3AEB87B4-F76D-4961-B218-60B5241B2F7A}.AppStore|Any CPU.ActiveCfg = Release|Any CPU
		{3AEB87B4-F76D-4961-B218-60B5241B2F7A}.AppStore|Any CPU.Build.0 = Release|Any CPU
		{3AEB87B4-F76D-4961-B218-60B5241B2F7A}.AppStore|Any CPU.Deploy.0 = Release|Any CPU
		{3AEB87B4-F76D-4961-B218-60B5241B2F7A}.AppStore|ARM.ActiveCfg = Release|Any CPU
		{3AEB87B4-F76D-4961-B218-60B5241B2F7A}.AppStore|ARM.Build.0 = Release|Any CPU
		{3AEB87B4-F76D-4961-B218-60B5241B2F7A}.AppStore|ARM.Deploy.0 = Release|Any CPU
		{3AEB87B4-F76D-4961-B218-60B5241B2F7A}.AppStore|iPhone.ActiveCfg = Release|Any CPU
		{3AEB87B4-F76D-4961-B218-60B5241B2F7A}.AppStore|iPhone.Build.0 = Release|Any CPU
		{3AEB87B4-F76D-4961-B218-60B5241B2F7A}.AppStore|iPhone.Deploy.0 = Release|Any CPU
		{3AEB87B4-F76D-4961-B218-60B5241B2F7A}.AppStore|iPhoneSimulator.ActiveCfg = Release|Any CPU
		{3AEB87B4-F76D-4961-B218-60B5241B2F7A}.AppStore|iPhoneSimulator.Build.0 = Release|Any CPU
		{3AEB87B4-F76D-4961-B218-60B5241B2F7A}.AppStore|iPhoneSimulator.Deploy.0 = Release|Any CPU
		{3AEB87B4-F76D-4961-B218-60B5241B2F7A}.AppStore|x64.ActiveCfg = Release|Any CPU
		{3AEB87B4-F76D-4961-B218-60B5241B2F7A}.AppStore|x64.Build.0 = Release|Any CPU
		{3AEB87B4-F76D-4961-B218-60B5241B2F7A}.AppStore|x64.Deploy.0 = Release|Any CPU
		{3AEB87B4-F76D-4961-B218-60B5241B2F7A}.AppStore|x86.ActiveCfg = Release|Any CPU
		{3AEB87B4-F76D-4961-B218-60B5241B2F7A}.AppStore|x86.Build.0 = Release|Any CPU
		{3AEB87B4-F76D-4961-B218-60B5241B2F7A}.AppStore|x86.Deploy.0 = Release|Any CPU
		{3AEB87B4-F76D-4961-B218-60B5241B2F7A}.Debug|Any CPU.ActiveCfg = Debug|Any CPU
		{3AEB87B4-F76D-4961-B218-60B5241B2F7A}.Debug|Any CPU.Build.0 = Debug|Any CPU
		{3AEB87B4-F76D-4961-B218-60B5241B2F7A}.Debug|Any CPU.Deploy.0 = Debug|Any CPU
		{3AEB87B4-F76D-4961-B218-60B5241B2F7A}.Debug|ARM.ActiveCfg = Debug|Any CPU
		{3AEB87B4-F76D-4961-B218-60B5241B2F7A}.Debug|ARM.Build.0 = Debug|Any CPU
		{3AEB87B4-F76D-4961-B218-60B5241B2F7A}.Debug|ARM.Deploy.0 = Debug|Any CPU
		{3AEB87B4-F76D-4961-B218-60B5241B2F7A}.Debug|iPhone.ActiveCfg = Debug|Any CPU
		{3AEB87B4-F76D-4961-B218-60B5241B2F7A}.Debug|iPhone.Build.0 = Debug|Any CPU
		{3AEB87B4-F76D-4961-B218-60B5241B2F7A}.Debug|iPhone.Deploy.0 = Debug|Any CPU
		{3AEB87B4-F76D-4961-B218-60B5241B2F7A}.Debug|iPhoneSimulator.ActiveCfg = Debug|Any CPU
		{3AEB87B4-F76D-4961-B218-60B5241B2F7A}.Debug|iPhoneSimulator.Build.0 = Debug|Any CPU
		{3AEB87B4-F76D-4961-B218-60B5241B2F7A}.Debug|iPhoneSimulator.Deploy.0 = Debug|Any CPU
		{3AEB87B4-F76D-4961-B218-60B5241B2F7A}.Debug|x64.ActiveCfg = Debug|Any CPU
		{3AEB87B4-F76D-4961-B218-60B5241B2F7A}.Debug|x64.Build.0 = Debug|Any CPU
		{3AEB87B4-F76D-4961-B218-60B5241B2F7A}.Debug|x64.Deploy.0 = Debug|Any CPU
		{3AEB87B4-F76D-4961-B218-60B5241B2F7A}.Debug|x86.ActiveCfg = Debug|Any CPU
		{3AEB87B4-F76D-4961-B218-60B5241B2F7A}.Debug|x86.Build.0 = Debug|Any CPU
		{3AEB87B4-F76D-4961-B218-60B5241B2F7A}.Debug|x86.Deploy.0 = Debug|Any CPU
		{3AEB87B4-F76D-4961-B218-60B5241B2F7A}.Release|Any CPU.ActiveCfg = Release|Any CPU
		{3AEB87B4-F76D-4961-B218-60B5241B2F7A}.Release|Any CPU.Build.0 = Release|Any CPU
		{3AEB87B4-F76D-4961-B218-60B5241B2F7A}.Release|Any CPU.Deploy.0 = Release|Any CPU
		{3AEB87B4-F76D-4961-B218-60B5241B2F7A}.Release|ARM.ActiveCfg = Release|Any CPU
		{3AEB87B4-F76D-4961-B218-60B5241B2F7A}.Release|ARM.Build.0 = Release|Any CPU
		{3AEB87B4-F76D-4961-B218-60B5241B2F7A}.Release|ARM.Deploy.0 = Release|Any CPU
		{3AEB87B4-F76D-4961-B218-60B5241B2F7A}.Release|iPhone.ActiveCfg = Release|Any CPU
		{3AEB87B4-F76D-4961-B218-60B5241B2F7A}.Release|iPhone.Build.0 = Release|Any CPU
		{3AEB87B4-F76D-4961-B218-60B5241B2F7A}.Release|iPhone.Deploy.0 = Release|Any CPU
		{3AEB87B4-F76D-4961-B218-60B5241B2F7A}.Release|iPhoneSimulator.ActiveCfg = Release|Any CPU
		{3AEB87B4-F76D-4961-B218-60B5241B2F7A}.Release|iPhoneSimulator.Build.0 = Release|Any CPU
		{3AEB87B4-F76D-4961-B218-60B5241B2F7A}.Release|iPhoneSimulator.Deploy.0 = Release|Any CPU
		{3AEB87B4-F76D-4961-B218-60B5241B2F7A}.Release|x64.ActiveCfg = Release|Any CPU
		{3AEB87B4-F76D-4961-B218-60B5241B2F7A}.Release|x64.Build.0 = Release|Any CPU
		{3AEB87B4-F76D-4961-B218-60B5241B2F7A}.Release|x64.Deploy.0 = Release|Any CPU
		{3AEB87B4-F76D-4961-B218-60B5241B2F7A}.Release|x86.ActiveCfg = Release|Any CPU
		{3AEB87B4-F76D-4961-B218-60B5241B2F7A}.Release|x86.Build.0 = Release|Any CPU
		{3AEB87B4-F76D-4961-B218-60B5241B2F7A}.Release|x86.Deploy.0 = Release|Any CPU
		{F66DED6B-B745-48CF-829D-CCA2DA23B110}.Ad-Hoc|Any CPU.ActiveCfg = Ad-Hoc|iPhone
		{F66DED6B-B745-48CF-829D-CCA2DA23B110}.Ad-Hoc|Any CPU.Build.0 = Ad-Hoc|iPhone
		{F66DED6B-B745-48CF-829D-CCA2DA23B110}.Ad-Hoc|Any CPU.Deploy.0 = Ad-Hoc|iPhone
		{F66DED6B-B745-48CF-829D-CCA2DA23B110}.Ad-Hoc|ARM.ActiveCfg = Ad-Hoc|iPhone
		{F66DED6B-B745-48CF-829D-CCA2DA23B110}.Ad-Hoc|ARM.Build.0 = Ad-Hoc|iPhone
		{F66DED6B-B745-48CF-829D-CCA2DA23B110}.Ad-Hoc|ARM.Deploy.0 = Ad-Hoc|iPhone
		{F66DED6B-B745-48CF-829D-CCA2DA23B110}.Ad-Hoc|iPhone.ActiveCfg = Ad-Hoc|iPhone
		{F66DED6B-B745-48CF-829D-CCA2DA23B110}.Ad-Hoc|iPhone.Build.0 = Ad-Hoc|iPhone
		{F66DED6B-B745-48CF-829D-CCA2DA23B110}.Ad-Hoc|iPhone.Deploy.0 = Ad-Hoc|iPhone
		{F66DED6B-B745-48CF-829D-CCA2DA23B110}.Ad-Hoc|iPhoneSimulator.ActiveCfg = Ad-Hoc|iPhoneSimulator
		{F66DED6B-B745-48CF-829D-CCA2DA23B110}.Ad-Hoc|iPhoneSimulator.Build.0 = Ad-Hoc|iPhoneSimulator
		{F66DED6B-B745-48CF-829D-CCA2DA23B110}.Ad-Hoc|iPhoneSimulator.Deploy.0 = Ad-Hoc|iPhoneSimulator
		{F66DED6B-B745-48CF-829D-CCA2DA23B110}.Ad-Hoc|x64.ActiveCfg = Ad-Hoc|iPhone
		{F66DED6B-B745-48CF-829D-CCA2DA23B110}.Ad-Hoc|x64.Build.0 = Ad-Hoc|iPhone
		{F66DED6B-B745-48CF-829D-CCA2DA23B110}.Ad-Hoc|x64.Deploy.0 = Ad-Hoc|iPhone
		{F66DED6B-B745-48CF-829D-CCA2DA23B110}.Ad-Hoc|x86.ActiveCfg = Ad-Hoc|iPhone
		{F66DED6B-B745-48CF-829D-CCA2DA23B110}.Ad-Hoc|x86.Build.0 = Ad-Hoc|iPhone
		{F66DED6B-B745-48CF-829D-CCA2DA23B110}.Ad-Hoc|x86.Deploy.0 = Ad-Hoc|iPhone
		{F66DED6B-B745-48CF-829D-CCA2DA23B110}.AppStore|Any CPU.ActiveCfg = AppStore|iPhone
		{F66DED6B-B745-48CF-829D-CCA2DA23B110}.AppStore|Any CPU.Build.0 = AppStore|iPhone
		{F66DED6B-B745-48CF-829D-CCA2DA23B110}.AppStore|Any CPU.Deploy.0 = AppStore|iPhone
		{F66DED6B-B745-48CF-829D-CCA2DA23B110}.AppStore|ARM.ActiveCfg = AppStore|iPhone
		{F66DED6B-B745-48CF-829D-CCA2DA23B110}.AppStore|ARM.Build.0 = AppStore|iPhone
		{F66DED6B-B745-48CF-829D-CCA2DA23B110}.AppStore|ARM.Deploy.0 = AppStore|iPhone
		{F66DED6B-B745-48CF-829D-CCA2DA23B110}.AppStore|iPhone.ActiveCfg = AppStore|iPhone
		{F66DED6B-B745-48CF-829D-CCA2DA23B110}.AppStore|iPhone.Build.0 = AppStore|iPhone
		{F66DED6B-B745-48CF-829D-CCA2DA23B110}.AppStore|iPhone.Deploy.0 = AppStore|iPhone
		{F66DED6B-B745-48CF-829D-CCA2DA23B110}.AppStore|iPhoneSimulator.ActiveCfg = AppStore|iPhoneSimulator
		{F66DED6B-B745-48CF-829D-CCA2DA23B110}.AppStore|iPhoneSimulator.Build.0 = AppStore|iPhoneSimulator
		{F66DED6B-B745-48CF-829D-CCA2DA23B110}.AppStore|iPhoneSimulator.Deploy.0 = AppStore|iPhoneSimulator
		{F66DED6B-B745-48CF-829D-CCA2DA23B110}.AppStore|x64.ActiveCfg = AppStore|iPhone
		{F66DED6B-B745-48CF-829D-CCA2DA23B110}.AppStore|x64.Build.0 = AppStore|iPhone
		{F66DED6B-B745-48CF-829D-CCA2DA23B110}.AppStore|x64.Deploy.0 = AppStore|iPhone
		{F66DED6B-B745-48CF-829D-CCA2DA23B110}.AppStore|x86.ActiveCfg = AppStore|iPhone
		{F66DED6B-B745-48CF-829D-CCA2DA23B110}.AppStore|x86.Build.0 = AppStore|iPhone
		{F66DED6B-B745-48CF-829D-CCA2DA23B110}.AppStore|x86.Deploy.0 = AppStore|iPhone
		{F66DED6B-B745-48CF-829D-CCA2DA23B110}.Debug|Any CPU.ActiveCfg = Debug|iPhoneSimulator
		{F66DED6B-B745-48CF-829D-CCA2DA23B110}.Debug|Any CPU.Build.0 = Debug|iPhoneSimulator
		{F66DED6B-B745-48CF-829D-CCA2DA23B110}.Debug|Any CPU.Deploy.0 = Debug|iPhoneSimulator
		{F66DED6B-B745-48CF-829D-CCA2DA23B110}.Debug|ARM.ActiveCfg = Debug|iPhone
		{F66DED6B-B745-48CF-829D-CCA2DA23B110}.Debug|ARM.Build.0 = Debug|iPhone
		{F66DED6B-B745-48CF-829D-CCA2DA23B110}.Debug|ARM.Deploy.0 = Debug|iPhone
		{F66DED6B-B745-48CF-829D-CCA2DA23B110}.Debug|iPhone.ActiveCfg = Debug|iPhone
		{F66DED6B-B745-48CF-829D-CCA2DA23B110}.Debug|iPhone.Build.0 = Debug|iPhone
		{F66DED6B-B745-48CF-829D-CCA2DA23B110}.Debug|iPhone.Deploy.0 = Debug|iPhone
		{F66DED6B-B745-48CF-829D-CCA2DA23B110}.Debug|iPhoneSimulator.ActiveCfg = Debug|iPhoneSimulator
		{F66DED6B-B745-48CF-829D-CCA2DA23B110}.Debug|iPhoneSimulator.Build.0 = Debug|iPhoneSimulator
		{F66DED6B-B745-48CF-829D-CCA2DA23B110}.Debug|iPhoneSimulator.Deploy.0 = Debug|iPhoneSimulator
		{F66DED6B-B745-48CF-829D-CCA2DA23B110}.Debug|x64.ActiveCfg = Debug|iPhone
		{F66DED6B-B745-48CF-829D-CCA2DA23B110}.Debug|x64.Build.0 = Debug|iPhone
		{F66DED6B-B745-48CF-829D-CCA2DA23B110}.Debug|x64.Deploy.0 = Debug|iPhone
		{F66DED6B-B745-48CF-829D-CCA2DA23B110}.Debug|x86.ActiveCfg = Debug|iPhone
		{F66DED6B-B745-48CF-829D-CCA2DA23B110}.Debug|x86.Build.0 = Debug|iPhone
		{F66DED6B-B745-48CF-829D-CCA2DA23B110}.Debug|x86.Deploy.0 = Debug|iPhone
		{F66DED6B-B745-48CF-829D-CCA2DA23B110}.Release|Any CPU.ActiveCfg = Release|iPhone
		{F66DED6B-B745-48CF-829D-CCA2DA23B110}.Release|Any CPU.Build.0 = Release|iPhone
		{F66DED6B-B745-48CF-829D-CCA2DA23B110}.Release|Any CPU.Deploy.0 = Release|iPhone
		{F66DED6B-B745-48CF-829D-CCA2DA23B110}.Release|ARM.ActiveCfg = Release|iPhone
		{F66DED6B-B745-48CF-829D-CCA2DA23B110}.Release|ARM.Build.0 = Release|iPhone
		{F66DED6B-B745-48CF-829D-CCA2DA23B110}.Release|ARM.Deploy.0 = Release|iPhone
		{F66DED6B-B745-48CF-829D-CCA2DA23B110}.Release|iPhone.ActiveCfg = Release|iPhone
		{F66DED6B-B745-48CF-829D-CCA2DA23B110}.Release|iPhone.Build.0 = Release|iPhone
		{F66DED6B-B745-48CF-829D-CCA2DA23B110}.Release|iPhone.Deploy.0 = Release|iPhone
		{F66DED6B-B745-48CF-829D-CCA2DA23B110}.Release|iPhoneSimulator.ActiveCfg = Release|iPhoneSimulator
		{F66DED6B-B745-48CF-829D-CCA2DA23B110}.Release|iPhoneSimulator.Build.0 = Release|iPhoneSimulator
		{F66DED6B-B745-48CF-829D-CCA2DA23B110}.Release|iPhoneSimulator.Deploy.0 = Release|iPhoneSimulator
		{F66DED6B-B745-48CF-829D-CCA2DA23B110}.Release|x64.ActiveCfg = Release|iPhone
		{F66DED6B-B745-48CF-829D-CCA2DA23B110}.Release|x64.Build.0 = Release|iPhone
		{F66DED6B-B745-48CF-829D-CCA2DA23B110}.Release|x64.Deploy.0 = Release|iPhone
		{F66DED6B-B745-48CF-829D-CCA2DA23B110}.Release|x86.ActiveCfg = Release|iPhone
		{F66DED6B-B745-48CF-829D-CCA2DA23B110}.Release|x86.Build.0 = Release|iPhone
		{F66DED6B-B745-48CF-829D-CCA2DA23B110}.Release|x86.Deploy.0 = Release|iPhone
		{8698D57B-CAA2-4FAC-826F-2CA657915E4B}.Ad-Hoc|Any CPU.ActiveCfg = Release|x86
		{8698D57B-CAA2-4FAC-826F-2CA657915E4B}.Ad-Hoc|Any CPU.Build.0 = Release|x86
		{8698D57B-CAA2-4FAC-826F-2CA657915E4B}.Ad-Hoc|Any CPU.Deploy.0 = Release|x86
		{8698D57B-CAA2-4FAC-826F-2CA657915E4B}.Ad-Hoc|ARM.ActiveCfg = Release|ARM
		{8698D57B-CAA2-4FAC-826F-2CA657915E4B}.Ad-Hoc|ARM.Build.0 = Release|ARM
		{8698D57B-CAA2-4FAC-826F-2CA657915E4B}.Ad-Hoc|ARM.Deploy.0 = Release|ARM
		{8698D57B-CAA2-4FAC-826F-2CA657915E4B}.Ad-Hoc|iPhone.ActiveCfg = Release|x86
		{8698D57B-CAA2-4FAC-826F-2CA657915E4B}.Ad-Hoc|iPhone.Build.0 = Release|x86
		{8698D57B-CAA2-4FAC-826F-2CA657915E4B}.Ad-Hoc|iPhone.Deploy.0 = Release|x86
		{8698D57B-CAA2-4FAC-826F-2CA657915E4B}.Ad-Hoc|iPhoneSimulator.ActiveCfg = Release|x86
		{8698D57B-CAA2-4FAC-826F-2CA657915E4B}.Ad-Hoc|iPhoneSimulator.Build.0 = Release|x86
		{8698D57B-CAA2-4FAC-826F-2CA657915E4B}.Ad-Hoc|iPhoneSimulator.Deploy.0 = Release|x86
		{8698D57B-CAA2-4FAC-826F-2CA657915E4B}.Ad-Hoc|x64.ActiveCfg = Release|x64
		{8698D57B-CAA2-4FAC-826F-2CA657915E4B}.Ad-Hoc|x64.Build.0 = Release|x64
		{8698D57B-CAA2-4FAC-826F-2CA657915E4B}.Ad-Hoc|x64.Deploy.0 = Release|x64
		{8698D57B-CAA2-4FAC-826F-2CA657915E4B}.Ad-Hoc|x86.ActiveCfg = Release|x86
		{8698D57B-CAA2-4FAC-826F-2CA657915E4B}.Ad-Hoc|x86.Build.0 = Release|x86
		{8698D57B-CAA2-4FAC-826F-2CA657915E4B}.Ad-Hoc|x86.Deploy.0 = Release|x86
		{8698D57B-CAA2-4FAC-826F-2CA657915E4B}.AppStore|Any CPU.ActiveCfg = Release|x86
		{8698D57B-CAA2-4FAC-826F-2CA657915E4B}.AppStore|Any CPU.Build.0 = Release|x86
		{8698D57B-CAA2-4FAC-826F-2CA657915E4B}.AppStore|Any CPU.Deploy.0 = Release|x86
		{8698D57B-CAA2-4FAC-826F-2CA657915E4B}.AppStore|ARM.ActiveCfg = Release|ARM
		{8698D57B-CAA2-4FAC-826F-2CA657915E4B}.AppStore|ARM.Build.0 = Release|ARM
		{8698D57B-CAA2-4FAC-826F-2CA657915E4B}.AppStore|ARM.Deploy.0 = Release|ARM
		{8698D57B-CAA2-4FAC-826F-2CA657915E4B}.AppStore|iPhone.ActiveCfg = Release|x86
		{8698D57B-CAA2-4FAC-826F-2CA657915E4B}.AppStore|iPhone.Build.0 = Release|x86
		{8698D57B-CAA2-4FAC-826F-2CA657915E4B}.AppStore|iPhone.Deploy.0 = Release|x86
		{8698D57B-CAA2-4FAC-826F-2CA657915E4B}.AppStore|iPhoneSimulator.ActiveCfg = Release|x86
		{8698D57B-CAA2-4FAC-826F-2CA657915E4B}.AppStore|iPhoneSimulator.Build.0 = Release|x86
		{8698D57B-CAA2-4FAC-826F-2CA657915E4B}.AppStore|iPhoneSimulator.Deploy.0 = Release|x86
		{8698D57B-CAA2-4FAC-826F-2CA657915E4B}.AppStore|x64.ActiveCfg = Release|x64
		{8698D57B-CAA2-4FAC-826F-2CA657915E4B}.AppStore|x64.Build.0 = Release|x64
		{8698D57B-CAA2-4FAC-826F-2CA657915E4B}.AppStore|x64.Deploy.0 = Release|x64
		{8698D57B-CAA2-4FAC-826F-2CA657915E4B}.AppStore|x86.ActiveCfg = Release|x86
		{8698D57B-CAA2-4FAC-826F-2CA657915E4B}.AppStore|x86.Build.0 = Release|x86
		{8698D57B-CAA2-4FAC-826F-2CA657915E4B}.AppStore|x86.Deploy.0 = Release|x86
		{8698D57B-CAA2-4FAC-826F-2CA657915E4B}.Debug|Any CPU.ActiveCfg = Debug|x86
		{8698D57B-CAA2-4FAC-826F-2CA657915E4B}.Debug|Any CPU.Build.0 = Debug|x86
		{8698D57B-CAA2-4FAC-826F-2CA657915E4B}.Debug|Any CPU.Deploy.0 = Debug|x86
		{8698D57B-CAA2-4FAC-826F-2CA657915E4B}.Debug|ARM.ActiveCfg = Debug|ARM
		{8698D57B-CAA2-4FAC-826F-2CA657915E4B}.Debug|ARM.Build.0 = Debug|ARM
		{8698D57B-CAA2-4FAC-826F-2CA657915E4B}.Debug|ARM.Deploy.0 = Debug|ARM
		{8698D57B-CAA2-4FAC-826F-2CA657915E4B}.Debug|iPhone.ActiveCfg = Debug|x86
		{8698D57B-CAA2-4FAC-826F-2CA657915E4B}.Debug|iPhone.Build.0 = Debug|x86
		{8698D57B-CAA2-4FAC-826F-2CA657915E4B}.Debug|iPhone.Deploy.0 = Debug|x86
		{8698D57B-CAA2-4FAC-826F-2CA657915E4B}.Debug|iPhoneSimulator.ActiveCfg = Debug|x86
		{8698D57B-CAA2-4FAC-826F-2CA657915E4B}.Debug|iPhoneSimulator.Build.0 = Debug|x86
		{8698D57B-CAA2-4FAC-826F-2CA657915E4B}.Debug|iPhoneSimulator.Deploy.0 = Debug|x86
		{8698D57B-CAA2-4FAC-826F-2CA657915E4B}.Debug|x64.ActiveCfg = Debug|x64
		{8698D57B-CAA2-4FAC-826F-2CA657915E4B}.Debug|x64.Build.0 = Debug|x64
		{8698D57B-CAA2-4FAC-826F-2CA657915E4B}.Debug|x64.Deploy.0 = Debug|x64
		{8698D57B-CAA2-4FAC-826F-2CA657915E4B}.Debug|x86.ActiveCfg = Debug|x86
		{8698D57B-CAA2-4FAC-826F-2CA657915E4B}.Debug|x86.Build.0 = Debug|x86
		{8698D57B-CAA2-4FAC-826F-2CA657915E4B}.Debug|x86.Deploy.0 = Debug|x86
		{8698D57B-CAA2-4FAC-826F-2CA657915E4B}.Release|Any CPU.ActiveCfg = Release|x86
		{8698D57B-CAA2-4FAC-826F-2CA657915E4B}.Release|Any CPU.Build.0 = Release|x86
		{8698D57B-CAA2-4FAC-826F-2CA657915E4B}.Release|Any CPU.Deploy.0 = Release|x86
		{8698D57B-CAA2-4FAC-826F-2CA657915E4B}.Release|ARM.ActiveCfg = Release|ARM
		{8698D57B-CAA2-4FAC-826F-2CA657915E4B}.Release|ARM.Build.0 = Release|ARM
		{8698D57B-CAA2-4FAC-826F-2CA657915E4B}.Release|ARM.Deploy.0 = Release|ARM
		{8698D57B-CAA2-4FAC-826F-2CA657915E4B}.Release|iPhone.ActiveCfg = Release|x86
		{8698D57B-CAA2-4FAC-826F-2CA657915E4B}.Release|iPhone.Build.0 = Release|x86
		{8698D57B-CAA2-4FAC-826F-2CA657915E4B}.Release|iPhone.Deploy.0 = Release|x86
		{8698D57B-CAA2-4FAC-826F-2CA657915E4B}.Release|iPhoneSimulator.ActiveCfg = Release|x86
		{8698D57B-CAA2-4FAC-826F-2CA657915E4B}.Release|iPhoneSimulator.Build.0 = Release|x86
		{8698D57B-CAA2-4FAC-826F-2CA657915E4B}.Release|iPhoneSimulator.Deploy.0 = Release|x86
		{8698D57B-CAA2-4FAC-826F-2CA657915E4B}.Release|x64.ActiveCfg = Release|x64
		{8698D57B-CAA2-4FAC-826F-2CA657915E4B}.Release|x64.Build.0 = Release|x64
		{8698D57B-CAA2-4FAC-826F-2CA657915E4B}.Release|x64.Deploy.0 = Release|x64
		{8698D57B-CAA2-4FAC-826F-2CA657915E4B}.Release|x86.ActiveCfg = Release|x86
		{8698D57B-CAA2-4FAC-826F-2CA657915E4B}.Release|x86.Build.0 = Release|x86
		{8698D57B-CAA2-4FAC-826F-2CA657915E4B}.Release|x86.Deploy.0 = Release|x86
		{37B881BC-AB11-4DCA-8D06-FFEBCA2CF011}.Ad-Hoc|Any CPU.ActiveCfg = Debug|Any CPU
		{37B881BC-AB11-4DCA-8D06-FFEBCA2CF011}.Ad-Hoc|Any CPU.Build.0 = Debug|Any CPU
		{37B881BC-AB11-4DCA-8D06-FFEBCA2CF011}.Ad-Hoc|Any CPU.Deploy.0 = Debug|Any CPU
		{37B881BC-AB11-4DCA-8D06-FFEBCA2CF011}.Ad-Hoc|ARM.ActiveCfg = Debug|Any CPU
		{37B881BC-AB11-4DCA-8D06-FFEBCA2CF011}.Ad-Hoc|ARM.Build.0 = Debug|Any CPU
		{37B881BC-AB11-4DCA-8D06-FFEBCA2CF011}.Ad-Hoc|ARM.Deploy.0 = Debug|Any CPU
		{37B881BC-AB11-4DCA-8D06-FFEBCA2CF011}.Ad-Hoc|iPhone.ActiveCfg = Debug|Any CPU
		{37B881BC-AB11-4DCA-8D06-FFEBCA2CF011}.Ad-Hoc|iPhone.Build.0 = Debug|Any CPU
		{37B881BC-AB11-4DCA-8D06-FFEBCA2CF011}.Ad-Hoc|iPhone.Deploy.0 = Debug|Any CPU
		{37B881BC-AB11-4DCA-8D06-FFEBCA2CF011}.Ad-Hoc|iPhoneSimulator.ActiveCfg = Debug|Any CPU
		{37B881BC-AB11-4DCA-8D06-FFEBCA2CF011}.Ad-Hoc|iPhoneSimulator.Build.0 = Debug|Any CPU
		{37B881BC-AB11-4DCA-8D06-FFEBCA2CF011}.Ad-Hoc|iPhoneSimulator.Deploy.0 = Debug|Any CPU
		{37B881BC-AB11-4DCA-8D06-FFEBCA2CF011}.Ad-Hoc|x64.ActiveCfg = Debug|Any CPU
		{37B881BC-AB11-4DCA-8D06-FFEBCA2CF011}.Ad-Hoc|x64.Build.0 = Debug|Any CPU
		{37B881BC-AB11-4DCA-8D06-FFEBCA2CF011}.Ad-Hoc|x64.Deploy.0 = Debug|Any CPU
		{37B881BC-AB11-4DCA-8D06-FFEBCA2CF011}.Ad-Hoc|x86.ActiveCfg = Debug|Any CPU
		{37B881BC-AB11-4DCA-8D06-FFEBCA2CF011}.Ad-Hoc|x86.Build.0 = Debug|Any CPU
		{37B881BC-AB11-4DCA-8D06-FFEBCA2CF011}.Ad-Hoc|x86.Deploy.0 = Debug|Any CPU
		{37B881BC-AB11-4DCA-8D06-FFEBCA2CF011}.AppStore|Any CPU.ActiveCfg = Debug|Any CPU
		{37B881BC-AB11-4DCA-8D06-FFEBCA2CF011}.AppStore|Any CPU.Build.0 = Debug|Any CPU
		{37B881BC-AB11-4DCA-8D06-FFEBCA2CF011}.AppStore|Any CPU.Deploy.0 = Debug|Any CPU
		{37B881BC-AB11-4DCA-8D06-FFEBCA2CF011}.AppStore|ARM.ActiveCfg = Debug|Any CPU
		{37B881BC-AB11-4DCA-8D06-FFEBCA2CF011}.AppStore|ARM.Build.0 = Debug|Any CPU
		{37B881BC-AB11-4DCA-8D06-FFEBCA2CF011}.AppStore|ARM.Deploy.0 = Debug|Any CPU
		{37B881BC-AB11-4DCA-8D06-FFEBCA2CF011}.AppStore|iPhone.ActiveCfg = Debug|Any CPU
		{37B881BC-AB11-4DCA-8D06-FFEBCA2CF011}.AppStore|iPhone.Build.0 = Debug|Any CPU
		{37B881BC-AB11-4DCA-8D06-FFEBCA2CF011}.AppStore|iPhone.Deploy.0 = Debug|Any CPU
		{37B881BC-AB11-4DCA-8D06-FFEBCA2CF011}.AppStore|iPhoneSimulator.ActiveCfg = Debug|Any CPU
		{37B881BC-AB11-4DCA-8D06-FFEBCA2CF011}.AppStore|iPhoneSimulator.Build.0 = Debug|Any CPU
		{37B881BC-AB11-4DCA-8D06-FFEBCA2CF011}.AppStore|iPhoneSimulator.Deploy.0 = Debug|Any CPU
		{37B881BC-AB11-4DCA-8D06-FFEBCA2CF011}.AppStore|x64.ActiveCfg = Debug|Any CPU
		{37B881BC-AB11-4DCA-8D06-FFEBCA2CF011}.AppStore|x64.Build.0 = Debug|Any CPU
		{37B881BC-AB11-4DCA-8D06-FFEBCA2CF011}.AppStore|x64.Deploy.0 = Debug|Any CPU
		{37B881BC-AB11-4DCA-8D06-FFEBCA2CF011}.AppStore|x86.ActiveCfg = Debug|Any CPU
		{37B881BC-AB11-4DCA-8D06-FFEBCA2CF011}.AppStore|x86.Build.0 = Debug|Any CPU
		{37B881BC-AB11-4DCA-8D06-FFEBCA2CF011}.AppStore|x86.Deploy.0 = Debug|Any CPU
		{37B881BC-AB11-4DCA-8D06-FFEBCA2CF011}.Debug|Any CPU.ActiveCfg = Debug|Any CPU
		{37B881BC-AB11-4DCA-8D06-FFEBCA2CF011}.Debug|Any CPU.Build.0 = Debug|Any CPU
		{37B881BC-AB11-4DCA-8D06-FFEBCA2CF011}.Debug|Any CPU.Deploy.0 = Debug|Any CPU
		{37B881BC-AB11-4DCA-8D06-FFEBCA2CF011}.Debug|ARM.ActiveCfg = Debug|Any CPU
		{37B881BC-AB11-4DCA-8D06-FFEBCA2CF011}.Debug|ARM.Build.0 = Debug|Any CPU
		{37B881BC-AB11-4DCA-8D06-FFEBCA2CF011}.Debug|ARM.Deploy.0 = Debug|Any CPU
		{37B881BC-AB11-4DCA-8D06-FFEBCA2CF011}.Debug|iPhone.ActiveCfg = Debug|Any CPU
		{37B881BC-AB11-4DCA-8D06-FFEBCA2CF011}.Debug|iPhone.Build.0 = Debug|Any CPU
		{37B881BC-AB11-4DCA-8D06-FFEBCA2CF011}.Debug|iPhone.Deploy.0 = Debug|Any CPU
		{37B881BC-AB11-4DCA-8D06-FFEBCA2CF011}.Debug|iPhoneSimulator.ActiveCfg = Debug|Any CPU
		{37B881BC-AB11-4DCA-8D06-FFEBCA2CF011}.Debug|iPhoneSimulator.Build.0 = Debug|Any CPU
		{37B881BC-AB11-4DCA-8D06-FFEBCA2CF011}.Debug|iPhoneSimulator.Deploy.0 = Debug|Any CPU
		{37B881BC-AB11-4DCA-8D06-FFEBCA2CF011}.Debug|x64.ActiveCfg = Debug|Any CPU
		{37B881BC-AB11-4DCA-8D06-FFEBCA2CF011}.Debug|x64.Build.0 = Debug|Any CPU
		{37B881BC-AB11-4DCA-8D06-FFEBCA2CF011}.Debug|x64.Deploy.0 = Debug|Any CPU
		{37B881BC-AB11-4DCA-8D06-FFEBCA2CF011}.Debug|x86.ActiveCfg = Debug|Any CPU
		{37B881BC-AB11-4DCA-8D06-FFEBCA2CF011}.Debug|x86.Build.0 = Debug|Any CPU
		{37B881BC-AB11-4DCA-8D06-FFEBCA2CF011}.Debug|x86.Deploy.0 = Debug|Any CPU
		{37B881BC-AB11-4DCA-8D06-FFEBCA2CF011}.Release|Any CPU.ActiveCfg = Release|Any CPU
		{37B881BC-AB11-4DCA-8D06-FFEBCA2CF011}.Release|Any CPU.Build.0 = Release|Any CPU
		{37B881BC-AB11-4DCA-8D06-FFEBCA2CF011}.Release|Any CPU.Deploy.0 = Release|Any CPU
		{37B881BC-AB11-4DCA-8D06-FFEBCA2CF011}.Release|ARM.ActiveCfg = Release|Any CPU
		{37B881BC-AB11-4DCA-8D06-FFEBCA2CF011}.Release|ARM.Build.0 = Release|Any CPU
		{37B881BC-AB11-4DCA-8D06-FFEBCA2CF011}.Release|ARM.Deploy.0 = Release|Any CPU
		{37B881BC-AB11-4DCA-8D06-FFEBCA2CF011}.Release|iPhone.ActiveCfg = Release|Any CPU
		{37B881BC-AB11-4DCA-8D06-FFEBCA2CF011}.Release|iPhone.Build.0 = Release|Any CPU
		{37B881BC-AB11-4DCA-8D06-FFEBCA2CF011}.Release|iPhone.Deploy.0 = Release|Any CPU
		{37B881BC-AB11-4DCA-8D06-FFEBCA2CF011}.Release|iPhoneSimulator.ActiveCfg = Release|Any CPU
		{37B881BC-AB11-4DCA-8D06-FFEBCA2CF011}.Release|iPhoneSimulator.Build.0 = Release|Any CPU
		{37B881BC-AB11-4DCA-8D06-FFEBCA2CF011}.Release|iPhoneSimulator.Deploy.0 = Release|Any CPU
		{37B881BC-AB11-4DCA-8D06-FFEBCA2CF011}.Release|x64.ActiveCfg = Release|Any CPU
		{37B881BC-AB11-4DCA-8D06-FFEBCA2CF011}.Release|x64.Build.0 = Release|Any CPU
		{37B881BC-AB11-4DCA-8D06-FFEBCA2CF011}.Release|x64.Deploy.0 = Release|Any CPU
		{37B881BC-AB11-4DCA-8D06-FFEBCA2CF011}.Release|x86.ActiveCfg = Release|Any CPU
		{37B881BC-AB11-4DCA-8D06-FFEBCA2CF011}.Release|x86.Build.0 = Release|Any CPU
		{37B881BC-AB11-4DCA-8D06-FFEBCA2CF011}.Release|x86.Deploy.0 = Release|Any CPU
	EndGlobalSection
	GlobalSection(SolutionProperties) = preSolution
		HideSolutionNode = FALSE
	EndGlobalSection
	GlobalSection(ExtensibilityGlobals) = postSolution
		SolutionGuid = {CEDB2763-9C67-45C5-9001-C618B359D112}
	EndGlobalSection
EndGlobal
